
Microsoft Visual Studio Solution File, Format Version 12.00
# Visual Studio Version 17
VisualStudioVersion = 17.11.35312.102
MinimumVisualStudioVersion = 10.0.40219.1
Project("{FAE04EC0-301F-11D3-BF4B-00C04F79EFBC}") = "PrimeGearApp.Web", "PrimeGearApp.Web\PrimeGearApp.Web.csproj", "{0A7D42FA-3D20-4C04-96FC-2C1CBC688332}"
EndProject
Global
	GlobalSection(SolutionConfigurationPlatforms) = preSolution
		Debug|Any CPU = Debug|Any CPU
		Release|Any CPU = Release|Any CPU
	EndGlobalSection
	GlobalSection(ProjectConfigurationPlatforms) = postSolution
		{0A7D42FA-3D20-4C04-96FC-2C1CBC688332}.Debug|Any CPU.ActiveCfg = Debug|Any CPU
		{0A7D42FA-3D20-4C04-96FC-2C1CBC688332}.Debug|Any CPU.Build.0 = Debug|Any CPU
		{0A7D42FA-3D20-4C04-96FC-2C1CBC688332}.Release|Any CPU.ActiveCfg = Release|Any CPU
		{0A7D42FA-3D20-4C04-96FC-2C1CBC688332}.Release|Any CPU.Build.0 = Release|Any CPU
	EndGlobalSection
	GlobalSection(SolutionProperties) = preSolution
		HideSolutionNode = FALSE
	EndGlobalSection
	GlobalSection(ExtensibilityGlobals) = postSolution
		SolutionGuid = {D93C602A-59EA-46CC-BB39-72E8B06D5C2B}
	EndGlobalSection
EndGlobal
